// !$*UTF8*$!
{
	archiveVersion = 1;
	classes = {
	};
	objectVersion = 50;
	objects = {

/* Begin PBXBuildFile section */
		1511D1F6230EB38E00C0DF60 /* User.swift in Sources */ = {isa = PBXBuildFile; fileRef = 1511D1F5230EB38E00C0DF60 /* User.swift */; };
		1511D1F8230EB3A200C0DF60 /* Path.swift in Sources */ = {isa = PBXBuildFile; fileRef = 1511D1F7230EB3A200C0DF60 /* Path.swift */; };
		1511D1FA230EB3AB00C0DF60 /* Journey.swift in Sources */ = {isa = PBXBuildFile; fileRef = 1511D1F9230EB3AB00C0DF60 /* Journey.swift */; };
		1511D1FC230EB47400C0DF60 /* Status.swift in Sources */ = {isa = PBXBuildFile; fileRef = 1511D1FB230EB47400C0DF60 /* Status.swift */; };
		1511D200230EF32500C0DF60 /* MatchServices.swift in Sources */ = {isa = PBXBuildFile; fileRef = 1511D1FF230EF32500C0DF60 /* MatchServices.swift */; };
		153BF5F423E3033C002AAAB4 /* MockData.swift in Sources */ = {isa = PBXBuildFile; fileRef = 153BF5F323E3033C002AAAB4 /* MockData.swift */; };
		1560DDB523E45B8000BB7191 /* MapKit.framework in Frameworks */ = {isa = PBXBuildFile; fileRef = 1560DDB423E45B8000BB7191 /* MapKit.framework */; };
		15A31D5523154F8B007241D2 /* CoreDataManager.swift in Sources */ = {isa = PBXBuildFile; fileRef = 15A31D5423154F8B007241D2 /* CoreDataManager.swift */; };
		15A31D58231555D7007241D2 /* DAO.swift in Sources */ = {isa = PBXBuildFile; fileRef = 15A31D57231555D7007241D2 /* DAO.swift */; };
		15A31D5A231555FA007241D2 /* UserDAO.swift in Sources */ = {isa = PBXBuildFile; fileRef = 15A31D59231555FA007241D2 /* UserDAO.swift */; };
		15A31D5D23155656007241D2 /* Errors.swift in Sources */ = {isa = PBXBuildFile; fileRef = 15A31D5C23155656007241D2 /* Errors.swift */; };
		15A31D5F231556B3007241D2 /* JourneyDAO.swift in Sources */ = {isa = PBXBuildFile; fileRef = 15A31D5E231556B3007241D2 /* JourneyDAO.swift */; };
		15A31D61231557D6007241D2 /* PathDAO.swift in Sources */ = {isa = PBXBuildFile; fileRef = 15A31D60231557D6007241D2 /* PathDAO.swift */; };
		15A31D6423155EE1007241D2 /* UserServices.swift in Sources */ = {isa = PBXBuildFile; fileRef = 15A31D6323155EE1007241D2 /* UserServices.swift */; };
		15A31D6623155FBE007241D2 /* QueueManager.swift in Sources */ = {isa = PBXBuildFile; fileRef = 15A31D6523155FBE007241D2 /* QueueManager.swift */; };
		15A31D682315769D007241D2 /* JourneyServices.swift in Sources */ = {isa = PBXBuildFile; fileRef = 15A31D672315769D007241D2 /* JourneyServices.swift */; };
		15A31D6A23157980007241D2 /* PathServices.swift in Sources */ = {isa = PBXBuildFile; fileRef = 15A31D6923157980007241D2 /* PathServices.swift */; };
		15A6A8E6230C11A0004E537D /* AppDelegate.swift in Sources */ = {isa = PBXBuildFile; fileRef = 15A6A8E5230C11A0004E537D /* AppDelegate.swift */; };
		15A6A8EB230C11A0004E537D /* Main.storyboard in Resources */ = {isa = PBXBuildFile; fileRef = 15A6A8E9230C11A0004E537D /* Main.storyboard */; };
		15A6A8ED230C11A1004E537D /* Assets.xcassets in Resources */ = {isa = PBXBuildFile; fileRef = 15A6A8EC230C11A1004E537D /* Assets.xcassets */; };
		15A6A8F0230C11A1004E537D /* LaunchScreen.storyboard in Resources */ = {isa = PBXBuildFile; fileRef = 15A6A8EE230C11A1004E537D /* LaunchScreen.storyboard */; };
		8D5874C223CE3F650052F4AF /* MatchServicesTest.swift in Sources */ = {isa = PBXBuildFile; fileRef = 8D5874C123CE3F650052F4AF /* MatchServicesTest.swift */; };
		8D5874C523E1BF7B0052F4AF /* TestData.swift in Sources */ = {isa = PBXBuildFile; fileRef = 8D5874C423E1BF7B0052F4AF /* TestData.swift */; };
		8D74B94123162BFB0014FCDC /* JourneyTimeTableViewCell.swift in Sources */ = {isa = PBXBuildFile; fileRef = 8D74B94023162BFB0014FCDC /* JourneyTimeTableViewCell.swift */; };
		8D74B943231640B50014FCDC /* FullJourneyDetailsCell.swift in Sources */ = {isa = PBXBuildFile; fileRef = 8D74B942231640B50014FCDC /* FullJourneyDetailsCell.swift */; };
		8D74B94B23164A160014FCDC /* CompanionCell.swift in Sources */ = {isa = PBXBuildFile; fileRef = 8D74B94A23164A160014FCDC /* CompanionCell.swift */; };
		8D74B94D23164C230014FCDC /* JourneyCompanionsViewController.swift in Sources */ = {isa = PBXBuildFile; fileRef = 8D74B94C23164C230014FCDC /* JourneyCompanionsViewController.swift */; };
		8D74B95123164C8B0014FCDC /* CompanionProfileViewController.swift in Sources */ = {isa = PBXBuildFile; fileRef = 8D74B95023164C8B0014FCDC /* CompanionProfileViewController.swift */; };
		8DB94E7F23EC6E9600B2F91B /* MapViewController+Map.swift in Sources */ = {isa = PBXBuildFile; fileRef = 8DB94E7E23EC6E9600B2F91B /* MapViewController+Map.swift */; };
		8DB94E8123EC6F0F00B2F91B /* MapViewController+Location.swift in Sources */ = {isa = PBXBuildFile; fileRef = 8DB94E8023EC6F0F00B2F91B /* MapViewController+Location.swift */; };
		8DB94E8323EC6FB200B2F91B /* MapViewController+AddressSearch.swift in Sources */ = {isa = PBXBuildFile; fileRef = 8DB94E8223EC6FB200B2F91B /* MapViewController+AddressSearch.swift */; };
		8DC63D6B23E7DFF6008CD7E8 /* Localizable.strings in Resources */ = {isa = PBXBuildFile; fileRef = 8DC63D6D23E7DFF6008CD7E8 /* Localizable.strings */; };
		B32D288823F188E60097A79E /* UITextFieldAccessibility.swift in Sources */ = {isa = PBXBuildFile; fileRef = B32D288723F188E60097A79E /* UITextFieldAccessibility.swift */; };
		B376D07A230DEC86007BDA06 /* ProfileViewController.swift in Sources */ = {isa = PBXBuildFile; fileRef = B376D079230DEC86007BDA06 /* ProfileViewController.swift */; };
		B376D07C230DECC7007BDA06 /* MapViewController.swift in Sources */ = {isa = PBXBuildFile; fileRef = B376D07B230DECC7007BDA06 /* MapViewController.swift */; };
		B376D080230DECF3007BDA06 /* RoutesViewController.swift in Sources */ = {isa = PBXBuildFile; fileRef = B376D07F230DECF3007BDA06 /* RoutesViewController.swift */; };
		B376D085230EE9F7007BDA06 /* LocationSearchTable.swift in Sources */ = {isa = PBXBuildFile; fileRef = B376D084230EE9F7007BDA06 /* LocationSearchTable.swift */; };
		B376D08C2314114E007BDA06 /* FullRouteViewController.swift in Sources */ = {isa = PBXBuildFile; fileRef = B376D08B2314114E007BDA06 /* FullRouteViewController.swift */; };
		B3B9F68923E9DD8900D246A0 /* UILabelAccessibility.swift in Sources */ = {isa = PBXBuildFile; fileRef = B3B9F68823E9DD8900D246A0 /* UILabelAccessibility.swift */; };
		B3B9F68B23E9E1B900D246A0 /* UIButtonAccessibility.swift in Sources */ = {isa = PBXBuildFile; fileRef = B3B9F68A23E9E1B800D246A0 /* UIButtonAccessibility.swift */; };
/* End PBXBuildFile section */

/* Begin PBXContainerItemProxy section */
		8D5874BC23CE3F160052F4AF /* PBXContainerItemProxy */ = {
			isa = PBXContainerItemProxy;
			containerPortal = 15A6A8DA230C11A0004E537D /* Project object */;
			proxyType = 1;
			remoteGlobalIDString = 15A6A8E1230C11A0004E537D;
			remoteInfo = ManasPelasManas;
		};
/* End PBXContainerItemProxy section */

/* Begin PBXFileReference section */
		1511D1F5230EB38E00C0DF60 /* User.swift */ = {isa = PBXFileReference; lastKnownFileType = sourcecode.swift; path = User.swift; sourceTree = "<group>"; };
		1511D1F7230EB3A200C0DF60 /* Path.swift */ = {isa = PBXFileReference; lastKnownFileType = sourcecode.swift; path = Path.swift; sourceTree = "<group>"; };
		1511D1F9230EB3AB00C0DF60 /* Journey.swift */ = {isa = PBXFileReference; lastKnownFileType = sourcecode.swift; path = Journey.swift; sourceTree = "<group>"; };
		1511D1FB230EB47400C0DF60 /* Status.swift */ = {isa = PBXFileReference; lastKnownFileType = sourcecode.swift; path = Status.swift; sourceTree = "<group>"; };
		1511D1FF230EF32500C0DF60 /* MatchServices.swift */ = {isa = PBXFileReference; lastKnownFileType = sourcecode.swift; path = MatchServices.swift; sourceTree = "<group>"; };
		153BF5F323E3033C002AAAB4 /* MockData.swift */ = {isa = PBXFileReference; lastKnownFileType = sourcecode.swift; path = MockData.swift; sourceTree = "<group>"; };
		1560DDB423E45B8000BB7191 /* MapKit.framework */ = {isa = PBXFileReference; lastKnownFileType = wrapper.framework; name = MapKit.framework; path = System/Library/Frameworks/MapKit.framework; sourceTree = SDKROOT; };
		15A31D5423154F8B007241D2 /* CoreDataManager.swift */ = {isa = PBXFileReference; lastKnownFileType = sourcecode.swift; path = CoreDataManager.swift; sourceTree = "<group>"; };
		15A31D57231555D7007241D2 /* DAO.swift */ = {isa = PBXFileReference; lastKnownFileType = sourcecode.swift; path = DAO.swift; sourceTree = "<group>"; };
		15A31D59231555FA007241D2 /* UserDAO.swift */ = {isa = PBXFileReference; lastKnownFileType = sourcecode.swift; path = UserDAO.swift; sourceTree = "<group>"; };
		15A31D5C23155656007241D2 /* Errors.swift */ = {isa = PBXFileReference; lastKnownFileType = sourcecode.swift; path = Errors.swift; sourceTree = "<group>"; };
		15A31D5E231556B3007241D2 /* JourneyDAO.swift */ = {isa = PBXFileReference; lastKnownFileType = sourcecode.swift; path = JourneyDAO.swift; sourceTree = "<group>"; };
		15A31D60231557D6007241D2 /* PathDAO.swift */ = {isa = PBXFileReference; lastKnownFileType = sourcecode.swift; path = PathDAO.swift; sourceTree = "<group>"; };
		15A31D6323155EE1007241D2 /* UserServices.swift */ = {isa = PBXFileReference; lastKnownFileType = sourcecode.swift; path = UserServices.swift; sourceTree = "<group>"; };
		15A31D6523155FBE007241D2 /* QueueManager.swift */ = {isa = PBXFileReference; lastKnownFileType = sourcecode.swift; path = QueueManager.swift; sourceTree = "<group>"; };
		15A31D672315769D007241D2 /* JourneyServices.swift */ = {isa = PBXFileReference; lastKnownFileType = sourcecode.swift; path = JourneyServices.swift; sourceTree = "<group>"; };
		15A31D6923157980007241D2 /* PathServices.swift */ = {isa = PBXFileReference; lastKnownFileType = sourcecode.swift; path = PathServices.swift; sourceTree = "<group>"; };
		15A6A8E2230C11A0004E537D /* ManasPelasManas.app */ = {isa = PBXFileReference; explicitFileType = wrapper.application; includeInIndex = 0; path = ManasPelasManas.app; sourceTree = BUILT_PRODUCTS_DIR; };
		15A6A8E5230C11A0004E537D /* AppDelegate.swift */ = {isa = PBXFileReference; lastKnownFileType = sourcecode.swift; path = AppDelegate.swift; sourceTree = "<group>"; };
		15A6A8EA230C11A0004E537D /* Base */ = {isa = PBXFileReference; lastKnownFileType = file.storyboard; name = Base; path = Base.lproj/Main.storyboard; sourceTree = "<group>"; };
		15A6A8EC230C11A1004E537D /* Assets.xcassets */ = {isa = PBXFileReference; lastKnownFileType = folder.assetcatalog; path = Assets.xcassets; sourceTree = "<group>"; };
		15A6A8EF230C11A1004E537D /* Base */ = {isa = PBXFileReference; lastKnownFileType = file.storyboard; name = Base; path = Base.lproj/LaunchScreen.storyboard; sourceTree = "<group>"; };
		15A6A8F1230C11A1004E537D /* Info.plist */ = {isa = PBXFileReference; lastKnownFileType = text.plist.xml; path = Info.plist; sourceTree = "<group>"; };
		8D5874B723CE3F160052F4AF /* ManasPelasManasTests.xctest */ = {isa = PBXFileReference; explicitFileType = wrapper.cfbundle; includeInIndex = 0; path = ManasPelasManasTests.xctest; sourceTree = BUILT_PRODUCTS_DIR; };
		8D5874BB23CE3F160052F4AF /* Info.plist */ = {isa = PBXFileReference; lastKnownFileType = text.plist.xml; path = Info.plist; sourceTree = "<group>"; };
		8D5874C123CE3F650052F4AF /* MatchServicesTest.swift */ = {isa = PBXFileReference; lastKnownFileType = sourcecode.swift; path = MatchServicesTest.swift; sourceTree = "<group>"; };
		8D5874C423E1BF7B0052F4AF /* TestData.swift */ = {isa = PBXFileReference; lastKnownFileType = sourcecode.swift; path = TestData.swift; sourceTree = "<group>"; };
		8D74B94023162BFB0014FCDC /* JourneyTimeTableViewCell.swift */ = {isa = PBXFileReference; lastKnownFileType = sourcecode.swift; path = JourneyTimeTableViewCell.swift; sourceTree = "<group>"; };
		8D74B942231640B50014FCDC /* FullJourneyDetailsCell.swift */ = {isa = PBXFileReference; lastKnownFileType = sourcecode.swift; path = FullJourneyDetailsCell.swift; sourceTree = "<group>"; };
		8D74B94A23164A160014FCDC /* CompanionCell.swift */ = {isa = PBXFileReference; lastKnownFileType = sourcecode.swift; path = CompanionCell.swift; sourceTree = "<group>"; };
		8D74B94C23164C230014FCDC /* JourneyCompanionsViewController.swift */ = {isa = PBXFileReference; lastKnownFileType = sourcecode.swift; path = JourneyCompanionsViewController.swift; sourceTree = "<group>"; };
		8D74B95023164C8B0014FCDC /* CompanionProfileViewController.swift */ = {isa = PBXFileReference; lastKnownFileType = sourcecode.swift; path = CompanionProfileViewController.swift; sourceTree = "<group>"; };
		8DB94E7E23EC6E9600B2F91B /* MapViewController+Map.swift */ = {isa = PBXFileReference; lastKnownFileType = sourcecode.swift; path = "MapViewController+Map.swift"; sourceTree = "<group>"; };
		8DB94E8023EC6F0F00B2F91B /* MapViewController+Location.swift */ = {isa = PBXFileReference; lastKnownFileType = sourcecode.swift; path = "MapViewController+Location.swift"; sourceTree = "<group>"; };
		8DB94E8223EC6FB200B2F91B /* MapViewController+AddressSearch.swift */ = {isa = PBXFileReference; lastKnownFileType = sourcecode.swift; path = "MapViewController+AddressSearch.swift"; sourceTree = "<group>"; };
		8DC63D6C23E7DFF6008CD7E8 /* en */ = {isa = PBXFileReference; lastKnownFileType = text.plist.strings; name = en; path = en.lproj/Localizable.strings; sourceTree = "<group>"; };
		8DC63D6E23E7E00C008CD7E8 /* pt-BR */ = {isa = PBXFileReference; lastKnownFileType = text.plist.strings; name = "pt-BR"; path = "pt-BR.lproj/Localizable.strings"; sourceTree = "<group>"; };
		B32D288723F188E60097A79E /* UITextFieldAccessibility.swift */ = {isa = PBXFileReference; lastKnownFileType = sourcecode.swift; path = UITextFieldAccessibility.swift; sourceTree = "<group>"; };
		B376D079230DEC86007BDA06 /* ProfileViewController.swift */ = {isa = PBXFileReference; lastKnownFileType = sourcecode.swift; path = ProfileViewController.swift; sourceTree = "<group>"; };
		B376D07B230DECC7007BDA06 /* MapViewController.swift */ = {isa = PBXFileReference; lastKnownFileType = sourcecode.swift; path = MapViewController.swift; sourceTree = "<group>"; };
		B376D07F230DECF3007BDA06 /* RoutesViewController.swift */ = {isa = PBXFileReference; lastKnownFileType = sourcecode.swift; path = RoutesViewController.swift; sourceTree = "<group>"; };
		B376D084230EE9F7007BDA06 /* LocationSearchTable.swift */ = {isa = PBXFileReference; lastKnownFileType = sourcecode.swift; name = LocationSearchTable.swift; path = ../LocationSearchTable.swift; sourceTree = "<group>"; };
		B376D08B2314114E007BDA06 /* FullRouteViewController.swift */ = {isa = PBXFileReference; lastKnownFileType = sourcecode.swift; path = FullRouteViewController.swift; sourceTree = "<group>"; };
		B3B9F68823E9DD8900D246A0 /* UILabelAccessibility.swift */ = {isa = PBXFileReference; lastKnownFileType = sourcecode.swift; path = UILabelAccessibility.swift; sourceTree = "<group>"; };
		B3B9F68A23E9E1B800D246A0 /* UIButtonAccessibility.swift */ = {isa = PBXFileReference; lastKnownFileType = sourcecode.swift; path = UIButtonAccessibility.swift; sourceTree = "<group>"; };
/* End PBXFileReference section */

/* Begin PBXFrameworksBuildPhase section */
		15A6A8DF230C11A0004E537D /* Frameworks */ = {
			isa = PBXFrameworksBuildPhase;
			buildActionMask = 2147483647;
			files = (
				1560DDB523E45B8000BB7191 /* MapKit.framework in Frameworks */,
			);
			runOnlyForDeploymentPostprocessing = 0;
		};
		8D5874B423CE3F160052F4AF /* Frameworks */ = {
			isa = PBXFrameworksBuildPhase;
			buildActionMask = 2147483647;
			files = (
			);
			runOnlyForDeploymentPostprocessing = 0;
		};
/* End PBXFrameworksBuildPhase section */

/* Begin PBXGroup section */
		15012AA823144BDB006617B1 /* Persistence */ = {
			isa = PBXGroup;
			children = (
				15A31D56231555C6007241D2 /* DAO */,
				153BF5F323E3033C002AAAB4 /* MockData.swift */,
			);
			path = Persistence;
			sourceTree = "<group>";
		};
		1511D1F4230EB38200C0DF60 /* Model */ = {
			isa = PBXGroup;
			children = (
				15A31D5C23155656007241D2 /* Errors.swift */,
				1511D1F5230EB38E00C0DF60 /* User.swift */,
				1511D1F7230EB3A200C0DF60 /* Path.swift */,
				1511D1F9230EB3AB00C0DF60 /* Journey.swift */,
				1511D1FB230EB47400C0DF60 /* Status.swift */,
			);
			path = Model;
			sourceTree = "<group>";
		};
		1560DDB323E45B8000BB7191 /* Frameworks */ = {
			isa = PBXGroup;
			children = (
				1560DDB423E45B8000BB7191 /* MapKit.framework */,
			);
			name = Frameworks;
			sourceTree = "<group>";
		};
		15A31D56231555C6007241D2 /* DAO */ = {
			isa = PBXGroup;
			children = (
				15A31D57231555D7007241D2 /* DAO.swift */,
				15A31D59231555FA007241D2 /* UserDAO.swift */,
				15A31D5E231556B3007241D2 /* JourneyDAO.swift */,
				15A31D60231557D6007241D2 /* PathDAO.swift */,
			);
			path = DAO;
			sourceTree = "<group>";
		};
		15A31D6223155E45007241D2 /* Business */ = {
			isa = PBXGroup;
			children = (
				15A31D6323155EE1007241D2 /* UserServices.swift */,
				15A31D672315769D007241D2 /* JourneyServices.swift */,
				1511D1FF230EF32500C0DF60 /* MatchServices.swift */,
				15A31D6923157980007241D2 /* PathServices.swift */,
			);
			path = Business;
			sourceTree = "<group>";
		};
		15A6A8D9230C11A0004E537D = {
			isa = PBXGroup;
			children = (
				15A6A8E4230C11A0004E537D /* ManasPelasManas */,
				8D5874B823CE3F160052F4AF /* ManasPelasManasTests */,
				15A6A8E3230C11A0004E537D /* Products */,
				1560DDB323E45B8000BB7191 /* Frameworks */,
			);
			sourceTree = "<group>";
		};
		15A6A8E3230C11A0004E537D /* Products */ = {
			isa = PBXGroup;
			children = (
				15A6A8E2230C11A0004E537D /* ManasPelasManas.app */,
				8D5874B723CE3F160052F4AF /* ManasPelasManasTests.xctest */,
			);
			name = Products;
			sourceTree = "<group>";
		};
		15A6A8E4230C11A0004E537D /* ManasPelasManas */ = {
			isa = PBXGroup;
			children = (
				B3B9F68723E9DD7500D246A0 /* Extensions */,
				8D5874C323CE431B0052F4AF /* Machanisms */,
				15A31D6223155E45007241D2 /* Business */,
				15012AA823144BDB006617B1 /* Persistence */,
				B376D08A2310251C007BDA06 /* Storyboards */,
				B376D081230DECFD007BDA06 /* View Controllers */,
				1511D1F4230EB38200C0DF60 /* Model */,
				15A6A8E5230C11A0004E537D /* AppDelegate.swift */,
				8DC63D6D23E7DFF6008CD7E8 /* Localizable.strings */,
				15A6A8EC230C11A1004E537D /* Assets.xcassets */,
				15A6A8F1230C11A1004E537D /* Info.plist */,
			);
			path = ManasPelasManas;
			sourceTree = "<group>";
		};
		8D5874B823CE3F160052F4AF /* ManasPelasManasTests */ = {
			isa = PBXGroup;
			children = (
				8D5874BB23CE3F160052F4AF /* Info.plist */,
				8D5874C123CE3F650052F4AF /* MatchServicesTest.swift */,
				8D5874C423E1BF7B0052F4AF /* TestData.swift */,
			);
			path = ManasPelasManasTests;
			sourceTree = "<group>";
		};
		8D5874C323CE431B0052F4AF /* Machanisms */ = {
			isa = PBXGroup;
			children = (
				15A31D6523155FBE007241D2 /* QueueManager.swift */,
				15A31D5423154F8B007241D2 /* CoreDataManager.swift */,
			);
			path = Machanisms;
			sourceTree = "<group>";
		};
		8D74B93D23162B650014FCDC /* Cells */ = {
			isa = PBXGroup;
			children = (
				8D74B94023162BFB0014FCDC /* JourneyTimeTableViewCell.swift */,
				8D74B942231640B50014FCDC /* FullJourneyDetailsCell.swift */,
				8D74B94A23164A160014FCDC /* CompanionCell.swift */,
			);
			path = Cells;
			sourceTree = "<group>";
		};
		B376D081230DECFD007BDA06 /* View Controllers */ = {
			isa = PBXGroup;
			children = (
				8D74B93D23162B650014FCDC /* Cells */,
				B376D079230DEC86007BDA06 /* ProfileViewController.swift */,
				B376D084230EE9F7007BDA06 /* LocationSearchTable.swift */,
				B376D07B230DECC7007BDA06 /* MapViewController.swift */,
				B376D08B2314114E007BDA06 /* FullRouteViewController.swift */,
				B376D07F230DECF3007BDA06 /* RoutesViewController.swift */,
				8D74B94C23164C230014FCDC /* JourneyCompanionsViewController.swift */,
				8D74B95023164C8B0014FCDC /* CompanionProfileViewController.swift */,
				8DB94E7E23EC6E9600B2F91B /* MapViewController+Map.swift */,
				8DB94E8023EC6F0F00B2F91B /* MapViewController+Location.swift */,
				8DB94E8223EC6FB200B2F91B /* MapViewController+AddressSearch.swift */,
			);
			path = "View Controllers";
			sourceTree = "<group>";
		};
		B376D08A2310251C007BDA06 /* Storyboards */ = {
			isa = PBXGroup;
			children = (
				15A6A8E9230C11A0004E537D /* Main.storyboard */,
				15A6A8EE230C11A1004E537D /* LaunchScreen.storyboard */,
			);
			name = Storyboards;
			sourceTree = "<group>";
		};
		B3B9F68723E9DD7500D246A0 /* Extensions */ = {
			isa = PBXGroup;
			children = (
				B3B9F68823E9DD8900D246A0 /* UILabelAccessibility.swift */,
				B3B9F68A23E9E1B800D246A0 /* UIButtonAccessibility.swift */,
				B32D288723F188E60097A79E /* UITextFieldAccessibility.swift */,
			);
			path = Extensions;
			sourceTree = "<group>";
		};
/* End PBXGroup section */

/* Begin PBXNativeTarget section */
		15A6A8E1230C11A0004E537D /* ManasPelasManas */ = {
			isa = PBXNativeTarget;
			buildConfigurationList = 15A6A8F4230C11A1004E537D /* Build configuration list for PBXNativeTarget "ManasPelasManas" */;
			buildPhases = (
				15A6A8DE230C11A0004E537D /* Sources */,
				15A6A8DF230C11A0004E537D /* Frameworks */,
				15A6A8E0230C11A0004E537D /* Resources */,
			);
			buildRules = (
			);
			dependencies = (
			);
			name = ManasPelasManas;
			productName = ManasPelasManas;
			productReference = 15A6A8E2230C11A0004E537D /* ManasPelasManas.app */;
			productType = "com.apple.product-type.application";
		};
		8D5874B623CE3F160052F4AF /* ManasPelasManasTests */ = {
			isa = PBXNativeTarget;
			buildConfigurationList = 8D5874BE23CE3F160052F4AF /* Build configuration list for PBXNativeTarget "ManasPelasManasTests" */;
			buildPhases = (
				8D5874B323CE3F160052F4AF /* Sources */,
				8D5874B423CE3F160052F4AF /* Frameworks */,
				8D5874B523CE3F160052F4AF /* Resources */,
			);
			buildRules = (
			);
			dependencies = (
				8D5874BD23CE3F160052F4AF /* PBXTargetDependency */,
			);
			name = ManasPelasManasTests;
			productName = ManasPelasManasTests;
			productReference = 8D5874B723CE3F160052F4AF /* ManasPelasManasTests.xctest */;
			productType = "com.apple.product-type.bundle.unit-test";
		};
/* End PBXNativeTarget section */

/* Begin PBXProject section */
		15A6A8DA230C11A0004E537D /* Project object */ = {
			isa = PBXProject;
			attributes = {
				LastSwiftUpdateCheck = 1130;
				LastUpgradeCheck = 1030;
				ORGANIZATIONNAME = "Luma Gabino Vasconcelos";
				TargetAttributes = {
					15A6A8E1230C11A0004E537D = {
						CreatedOnToolsVersion = 10.3;
					};
					8D5874B623CE3F160052F4AF = {
						CreatedOnToolsVersion = 11.3.1;
						TestTargetID = 15A6A8E1230C11A0004E537D;
					};
				};
			};
			buildConfigurationList = 15A6A8DD230C11A0004E537D /* Build configuration list for PBXProject "ManasPelasManas" */;
			compatibilityVersion = "Xcode 9.3";
			developmentRegion = en;
			hasScannedForEncodings = 0;
			knownRegions = (
				en,
				Base,
				"pt-BR",
			);
			mainGroup = 15A6A8D9230C11A0004E537D;
			productRefGroup = 15A6A8E3230C11A0004E537D /* Products */;
			projectDirPath = "";
			projectRoot = "";
			targets = (
				15A6A8E1230C11A0004E537D /* ManasPelasManas */,
				8D5874B623CE3F160052F4AF /* ManasPelasManasTests */,
			);
		};
/* End PBXProject section */

/* Begin PBXResourcesBuildPhase section */
		15A6A8E0230C11A0004E537D /* Resources */ = {
			isa = PBXResourcesBuildPhase;
			buildActionMask = 2147483647;
			files = (
				15A6A8F0230C11A1004E537D /* LaunchScreen.storyboard in Resources */,
				8DC63D6B23E7DFF6008CD7E8 /* Localizable.strings in Resources */,
				15A6A8ED230C11A1004E537D /* Assets.xcassets in Resources */,
				15A6A8EB230C11A0004E537D /* Main.storyboard in Resources */,
			);
			runOnlyForDeploymentPostprocessing = 0;
		};
		8D5874B523CE3F160052F4AF /* Resources */ = {
			isa = PBXResourcesBuildPhase;
			buildActionMask = 2147483647;
			files = (
			);
			runOnlyForDeploymentPostprocessing = 0;
		};
/* End PBXResourcesBuildPhase section */

/* Begin PBXSourcesBuildPhase section */
		15A6A8DE230C11A0004E537D /* Sources */ = {
			isa = PBXSourcesBuildPhase;
			buildActionMask = 2147483647;
			files = (
				B376D085230EE9F7007BDA06 /* LocationSearchTable.swift in Sources */,
				B376D07A230DEC86007BDA06 /* ProfileViewController.swift in Sources */,
				8D74B943231640B50014FCDC /* FullJourneyDetailsCell.swift in Sources */,
				15A31D5523154F8B007241D2 /* CoreDataManager.swift in Sources */,
				8DB94E8323EC6FB200B2F91B /* MapViewController+AddressSearch.swift in Sources */,
				15A6A8E6230C11A0004E537D /* AppDelegate.swift in Sources */,
				153BF5F423E3033C002AAAB4 /* MockData.swift in Sources */,
				B376D07C230DECC7007BDA06 /* MapViewController.swift in Sources */,
				8D74B95123164C8B0014FCDC /* CompanionProfileViewController.swift in Sources */,
				B3B9F68923E9DD8900D246A0 /* UILabelAccessibility.swift in Sources */,
				15A31D6A23157980007241D2 /* PathServices.swift in Sources */,
				8D74B94123162BFB0014FCDC /* JourneyTimeTableViewCell.swift in Sources */,
				B376D080230DECF3007BDA06 /* RoutesViewController.swift in Sources */,
				15A31D58231555D7007241D2 /* DAO.swift in Sources */,
				8DB94E7F23EC6E9600B2F91B /* MapViewController+Map.swift in Sources */,
				B376D08C2314114E007BDA06 /* FullRouteViewController.swift in Sources */,
				1511D1F8230EB3A200C0DF60 /* Path.swift in Sources */,
				1511D1F6230EB38E00C0DF60 /* User.swift in Sources */,
				8D74B94D23164C230014FCDC /* JourneyCompanionsViewController.swift in Sources */,
				15A31D61231557D6007241D2 /* PathDAO.swift in Sources */,
				B3B9F68B23E9E1B900D246A0 /* UIButtonAccessibility.swift in Sources */,
				1511D200230EF32500C0DF60 /* MatchServices.swift in Sources */,
				1511D1FA230EB3AB00C0DF60 /* Journey.swift in Sources */,
				8D74B94B23164A160014FCDC /* CompanionCell.swift in Sources */,
				15A31D6423155EE1007241D2 /* UserServices.swift in Sources */,
				15A31D6623155FBE007241D2 /* QueueManager.swift in Sources */,
				B32D288823F188E60097A79E /* UITextFieldAccessibility.swift in Sources */,
				15A31D5F231556B3007241D2 /* JourneyDAO.swift in Sources */,
				1511D1FC230EB47400C0DF60 /* Status.swift in Sources */,
				15A31D5D23155656007241D2 /* Errors.swift in Sources */,
				15A31D682315769D007241D2 /* JourneyServices.swift in Sources */,
				8DB94E8123EC6F0F00B2F91B /* MapViewController+Location.swift in Sources */,
				15A31D5A231555FA007241D2 /* UserDAO.swift in Sources */,
			);
			runOnlyForDeploymentPostprocessing = 0;
		};
		8D5874B323CE3F160052F4AF /* Sources */ = {
			isa = PBXSourcesBuildPhase;
			buildActionMask = 2147483647;
			files = (
				8D5874C523E1BF7B0052F4AF /* TestData.swift in Sources */,
				8D5874C223CE3F650052F4AF /* MatchServicesTest.swift in Sources */,
			);
			runOnlyForDeploymentPostprocessing = 0;
		};
/* End PBXSourcesBuildPhase section */

/* Begin PBXTargetDependency section */
		8D5874BD23CE3F160052F4AF /* PBXTargetDependency */ = {
			isa = PBXTargetDependency;
			target = 15A6A8E1230C11A0004E537D /* ManasPelasManas */;
			targetProxy = 8D5874BC23CE3F160052F4AF /* PBXContainerItemProxy */;
		};
/* End PBXTargetDependency section */

/* Begin PBXVariantGroup section */
		15A6A8E9230C11A0004E537D /* Main.storyboard */ = {
			isa = PBXVariantGroup;
			children = (
				15A6A8EA230C11A0004E537D /* Base */,
			);
			name = Main.storyboard;
			sourceTree = "<group>";
		};
		15A6A8EE230C11A1004E537D /* LaunchScreen.storyboard */ = {
			isa = PBXVariantGroup;
			children = (
				15A6A8EF230C11A1004E537D /* Base */,
			);
			name = LaunchScreen.storyboard;
			sourceTree = "<group>";
		};
		8DC63D6D23E7DFF6008CD7E8 /* Localizable.strings */ = {
			isa = PBXVariantGroup;
			children = (
				8DC63D6C23E7DFF6008CD7E8 /* en */,
				8DC63D6E23E7E00C008CD7E8 /* pt-BR */,
			);
			name = Localizable.strings;
			sourceTree = "<group>";
		};
/* End PBXVariantGroup section */

/* Begin XCBuildConfiguration section */
		15A6A8F2230C11A1004E537D /* Debug */ = {
			isa = XCBuildConfiguration;
			buildSettings = {
				ALWAYS_SEARCH_USER_PATHS = NO;
				CLANG_ANALYZER_LOCALIZABILITY_NONLOCALIZED = YES;
				CLANG_ANALYZER_NONNULL = YES;
				CLANG_ANALYZER_NUMBER_OBJECT_CONVERSION = YES_AGGRESSIVE;
				CLANG_CXX_LANGUAGE_STANDARD = "gnu++14";
				CLANG_CXX_LIBRARY = "libc++";
				CLANG_ENABLE_MODULES = YES;
				CLANG_ENABLE_OBJC_ARC = YES;
				CLANG_ENABLE_OBJC_WEAK = YES;
				CLANG_WARN_BLOCK_CAPTURE_AUTORELEASING = YES;
				CLANG_WARN_BOOL_CONVERSION = YES;
				CLANG_WARN_COMMA = YES;
				CLANG_WARN_CONSTANT_CONVERSION = YES;
				CLANG_WARN_DEPRECATED_OBJC_IMPLEMENTATIONS = YES;
				CLANG_WARN_DIRECT_OBJC_ISA_USAGE = YES_ERROR;
				CLANG_WARN_DOCUMENTATION_COMMENTS = YES;
				CLANG_WARN_EMPTY_BODY = YES;
				CLANG_WARN_ENUM_CONVERSION = YES;
				CLANG_WARN_INFINITE_RECURSION = YES;
				CLANG_WARN_INT_CONVERSION = YES;
				CLANG_WARN_NON_LITERAL_NULL_CONVERSION = YES;
				CLANG_WARN_OBJC_IMPLICIT_RETAIN_SELF = YES;
				CLANG_WARN_OBJC_LITERAL_CONVERSION = YES;
				CLANG_WARN_OBJC_ROOT_CLASS = YES_ERROR;
				CLANG_WARN_RANGE_LOOP_ANALYSIS = YES;
				CLANG_WARN_STRICT_PROTOTYPES = YES;
				CLANG_WARN_SUSPICIOUS_MOVE = YES;
				CLANG_WARN_UNGUARDED_AVAILABILITY = YES_AGGRESSIVE;
				CLANG_WARN_UNREACHABLE_CODE = YES;
				CLANG_WARN__DUPLICATE_METHOD_MATCH = YES;
				CODE_SIGN_IDENTITY = "iPhone Developer";
				COPY_PHASE_STRIP = NO;
				DEBUG_INFORMATION_FORMAT = dwarf;
				ENABLE_STRICT_OBJC_MSGSEND = YES;
				ENABLE_TESTABILITY = YES;
				GCC_C_LANGUAGE_STANDARD = gnu11;
				GCC_DYNAMIC_NO_PIC = NO;
				GCC_NO_COMMON_BLOCKS = YES;
				GCC_OPTIMIZATION_LEVEL = 0;
				GCC_PREPROCESSOR_DEFINITIONS = (
					"DEBUG=1",
					"$(inherited)",
				);
				GCC_WARN_64_TO_32_BIT_CONVERSION = YES;
				GCC_WARN_ABOUT_RETURN_TYPE = YES_ERROR;
				GCC_WARN_UNDECLARED_SELECTOR = YES;
				GCC_WARN_UNINITIALIZED_AUTOS = YES_AGGRESSIVE;
				GCC_WARN_UNUSED_FUNCTION = YES;
				GCC_WARN_UNUSED_VARIABLE = YES;
				IPHONEOS_DEPLOYMENT_TARGET = 12.4;
				MTL_ENABLE_DEBUG_INFO = INCLUDE_SOURCE;
				MTL_FAST_MATH = YES;
				ONLY_ACTIVE_ARCH = YES;
				SDKROOT = iphoneos;
				SWIFT_ACTIVE_COMPILATION_CONDITIONS = DEBUG;
				SWIFT_OPTIMIZATION_LEVEL = "-Onone";
			};
			name = Debug;
		};
		15A6A8F3230C11A1004E537D /* Release */ = {
			isa = XCBuildConfiguration;
			buildSettings = {
				ALWAYS_SEARCH_USER_PATHS = NO;
				CLANG_ANALYZER_LOCALIZABILITY_NONLOCALIZED = YES;
				CLANG_ANALYZER_NONNULL = YES;
				CLANG_ANALYZER_NUMBER_OBJECT_CONVERSION = YES_AGGRESSIVE;
				CLANG_CXX_LANGUAGE_STANDARD = "gnu++14";
				CLANG_CXX_LIBRARY = "libc++";
				CLANG_ENABLE_MODULES = YES;
				CLANG_ENABLE_OBJC_ARC = YES;
				CLANG_ENABLE_OBJC_WEAK = YES;
				CLANG_WARN_BLOCK_CAPTURE_AUTORELEASING = YES;
				CLANG_WARN_BOOL_CONVERSION = YES;
				CLANG_WARN_COMMA = YES;
				CLANG_WARN_CONSTANT_CONVERSION = YES;
				CLANG_WARN_DEPRECATED_OBJC_IMPLEMENTATIONS = YES;
				CLANG_WARN_DIRECT_OBJC_ISA_USAGE = YES_ERROR;
				CLANG_WARN_DOCUMENTATION_COMMENTS = YES;
				CLANG_WARN_EMPTY_BODY = YES;
				CLANG_WARN_ENUM_CONVERSION = YES;
				CLANG_WARN_INFINITE_RECURSION = YES;
				CLANG_WARN_INT_CONVERSION = YES;
				CLANG_WARN_NON_LITERAL_NULL_CONVERSION = YES;
				CLANG_WARN_OBJC_IMPLICIT_RETAIN_SELF = YES;
				CLANG_WARN_OBJC_LITERAL_CONVERSION = YES;
				CLANG_WARN_OBJC_ROOT_CLASS = YES_ERROR;
				CLANG_WARN_RANGE_LOOP_ANALYSIS = YES;
				CLANG_WARN_STRICT_PROTOTYPES = YES;
				CLANG_WARN_SUSPICIOUS_MOVE = YES;
				CLANG_WARN_UNGUARDED_AVAILABILITY = YES_AGGRESSIVE;
				CLANG_WARN_UNREACHABLE_CODE = YES;
				CLANG_WARN__DUPLICATE_METHOD_MATCH = YES;
				CODE_SIGN_IDENTITY = "iPhone Developer";
				COPY_PHASE_STRIP = NO;
				DEBUG_INFORMATION_FORMAT = "dwarf-with-dsym";
				ENABLE_NS_ASSERTIONS = NO;
				ENABLE_STRICT_OBJC_MSGSEND = YES;
				GCC_C_LANGUAGE_STANDARD = gnu11;
				GCC_NO_COMMON_BLOCKS = YES;
				GCC_WARN_64_TO_32_BIT_CONVERSION = YES;
				GCC_WARN_ABOUT_RETURN_TYPE = YES_ERROR;
				GCC_WARN_UNDECLARED_SELECTOR = YES;
				GCC_WARN_UNINITIALIZED_AUTOS = YES_AGGRESSIVE;
				GCC_WARN_UNUSED_FUNCTION = YES;
				GCC_WARN_UNUSED_VARIABLE = YES;
				IPHONEOS_DEPLOYMENT_TARGET = 12.4;
				MTL_ENABLE_DEBUG_INFO = NO;
				MTL_FAST_MATH = YES;
				SDKROOT = iphoneos;
				SWIFT_COMPILATION_MODE = wholemodule;
				SWIFT_OPTIMIZATION_LEVEL = "-O";
				VALIDATE_PRODUCT = YES;
			};
			name = Release;
		};
		15A6A8F5230C11A1004E537D /* Debug */ = {
			isa = XCBuildConfiguration;
			buildSettings = {
				ASSETCATALOG_COMPILER_APPICON_NAME = AppIcon;
				CODE_SIGN_STYLE = Automatic;
				DEVELOPMENT_TEAM = KDP22XDFSU;
				INFOPLIST_FILE = ManasPelasManas/Info.plist;
				IPHONEOS_DEPLOYMENT_TARGET = 12.2;
				LD_RUNPATH_SEARCH_PATHS = (
					"$(inherited)",
					"@executable_path/Frameworks",
				);
				PRODUCT_BUNDLE_IDENTIFIER = gabino.luma.ManasPelasManas;
				PRODUCT_NAME = "$(TARGET_NAME)";
				SWIFT_VERSION = 5.0;
				TARGETED_DEVICE_FAMILY = 1;
			};
			name = Debug;
		};
		15A6A8F6230C11A1004E537D /* Release */ = {
			isa = XCBuildConfiguration;
			buildSettings = {
				ASSETCATALOG_COMPILER_APPICON_NAME = AppIcon;
				CODE_SIGN_STYLE = Automatic;
				DEVELOPMENT_TEAM = KDP22XDFSU;
				INFOPLIST_FILE = ManasPelasManas/Info.plist;
				IPHONEOS_DEPLOYMENT_TARGET = 12.2;
				LD_RUNPATH_SEARCH_PATHS = (
					"$(inherited)",
					"@executable_path/Frameworks",
				);
				PRODUCT_BUNDLE_IDENTIFIER = gabino.luma.ManasPelasManas;
				PRODUCT_NAME = "$(TARGET_NAME)";
				SWIFT_VERSION = 5.0;
				TARGETED_DEVICE_FAMILY = 1;
			};
			name = Release;
		};
		8D5874BF23CE3F160052F4AF /* Debug */ = {
			isa = XCBuildConfiguration;
			buildSettings = {
				BUNDLE_LOADER = "$(TEST_HOST)";
				CODE_SIGN_STYLE = Automatic;
				DEVELOPMENT_TEAM = 54KAL6GMBX;
				INFOPLIST_FILE = ManasPelasManasTests/Info.plist;
				IPHONEOS_DEPLOYMENT_TARGET = 13.2;
				LD_RUNPATH_SEARCH_PATHS = (
					"$(inherited)",
					"@executable_path/Frameworks",
					"@loader_path/Frameworks",
				);
				PRODUCT_BUNDLE_IDENTIFIER = nameforjoy.ManasPelasManasTests;
				PRODUCT_NAME = "$(TARGET_NAME)";
				SWIFT_VERSION = 5.0;
				TARGETED_DEVICE_FAMILY = "1,2";
				TEST_HOST = "$(BUILT_PRODUCTS_DIR)/ManasPelasManas.app/ManasPelasManas";
			};
			name = Debug;
		};
		8D5874C023CE3F160052F4AF /* Release */ = {
			isa = XCBuildConfiguration;
			buildSettings = {
				BUNDLE_LOADER = "$(TEST_HOST)";
				CODE_SIGN_STYLE = Automatic;
				DEVELOPMENT_TEAM = 54KAL6GMBX;
				INFOPLIST_FILE = ManasPelasManasTests/Info.plist;
				IPHONEOS_DEPLOYMENT_TARGET = 13.2;
				LD_RUNPATH_SEARCH_PATHS = (
					"$(inherited)",
					"@executable_path/Frameworks",
					"@loader_path/Frameworks",
				);
				PRODUCT_BUNDLE_IDENTIFIER = nameforjoy.ManasPelasManasTests;
				PRODUCT_NAME = "$(TARGET_NAME)";
				SWIFT_VERSION = 5.0;
				TARGETED_DEVICE_FAMILY = "1,2";
				TEST_HOST = "$(BUILT_PRODUCTS_DIR)/ManasPelasManas.app/ManasPelasManas";
			};
			name = Release;
		};
/* End XCBuildConfiguration section */

/* Begin XCConfigurationList section */
		15A6A8DD230C11A0004E537D /* Build configuration list for PBXProject "ManasPelasManas" */ = {
			isa = XCConfigurationList;
			buildConfigurations = (
				15A6A8F2230C11A1004E537D /* Debug */,
				15A6A8F3230C11A1004E537D /* Release */,
			);
			defaultConfigurationIsVisible = 0;
			defaultConfigurationName = Release;
		};
		15A6A8F4230C11A1004E537D /* Build configuration list for PBXNativeTarget "ManasPelasManas" */ = {
			isa = XCConfigurationList;
			buildConfigurations = (
				15A6A8F5230C11A1004E537D /* Debug */,
				15A6A8F6230C11A1004E537D /* Release */,
			);
			defaultConfigurationIsVisible = 0;
			defaultConfigurationName = Release;
		};
		8D5874BE23CE3F160052F4AF /* Build configuration list for PBXNativeTarget "ManasPelasManasTests" */ = {
			isa = XCConfigurationList;
			buildConfigurations = (
				8D5874BF23CE3F160052F4AF /* Debug */,
				8D5874C023CE3F160052F4AF /* Release */,
			);
			defaultConfigurationIsVisible = 0;
			defaultConfigurationName = Release;
		};
/* End XCConfigurationList section */
	};
	rootObject = 15A6A8DA230C11A0004E537D /* Project object */;
}
